version = 1
revision = 3
requires-python = ">=3.11"

[manifest]
requirements = [{ name = "graphql-core", specifier = "==3.3.0" }]

[[package]]
name = "graphql-core"
version = "3.3.0"
source = { registry = "https://pypi.org/simple" }
sdist = { url = "https://files.pythonhosted.org/packages/fa/90/dfade6d16a55abb45e41b215fcdc940e4f119a6ac7d87430d45d020b659f/graphql_core-3.3.0.tar.gz", hash = "sha256:fd3424e88af3f3211931c6ff96350f1cd9069cf0f1a31b9972899e35d39136b5", size = 726439, upload-time = "2026-09-27T14:50:14.57Z" }
wheels = [
    { url = "https://files.pythonhosted.org/packages/0c/13/03fb01b3581134cc30d7dd3fb8a9c429267574ace881a9e72c2f57896ee9/graphql_core-3.3.0-py3-none-any.whl", hash = "sha256:d37fac6ef4dfc3eaa5daa59dcb498d7cbb118439d240993c68fddc4cb1bade44", size = 347906, upload-time = "2026-09-27T14:50:12.905Z" },
]
